
Microsoft Visual Studio Solution File, Format Version 12.00
# Visual Studio Version 17
VisualStudioVersion = 17.9.34607.119
MinimumVisualStudioVersion = 10.0.40219.1
Project("{FAE04EC0-301F-11D3-BF4B-00C04F79EFBC}") = "BusinessProcessing", "BusinessProcessing\BusinessProcessing.csproj", "{49B630B9-1945-467B-B786-020C10D76D83}"
	ProjectSection(ProjectDependencies) = postProject
		{8817FC2B-DA5C-45E8-A8CA-1B26C2BF1454} = {8817FC2B-DA5C-45E8-A8CA-1B26C2BF1454}
	EndProjectSection
EndProject
Project("{FAE04EC0-301F-11D3-BF4B-00C04F79EFBC}") = "MaintainSystemReferences", "MaintainSystemReferences\MaintainSystemReferences.csproj", "{A64DF912-063D-49A4-A6A6-DAA39DE4EE89}"
EndProject
Project("{FAE04EC0-301F-11D3-BF4B-00C04F79EFBC}") = "Inspection", "Inspection\Inspection.csproj", "{08787011-367E-4B3E-B54F-4D64F01027B5}"
EndProject
Project("{FAE04EC0-301F-11D3-BF4B-00C04F79EFBC}") = "Estimating", "Estimating\Estimating.csproj", "{0564B748-1E32-4AA5-8625-166B1911449D}"
EndProject
Project("{FAE04EC0-301F-11D3-BF4B-00C04F79EFBC}") = "MaintainCoverReferences", "MaintainCoverReferences\MaintainCoverReferences.csproj", "{0BD82AEC-62CA-4BA2-8B6C-90EFE0431BCB}"
EndProject
Project("{FAE04EC0-301F-11D3-BF4B-00C04F79EFBC}") = "Print", "Print\Print.csproj", "{35258E4F-5A5E-4433-A574-AA6BA4BCD572}"
EndProject
Project("{FAE04EC0-301F-11D3-BF4B-00C04F79EFBC}") = "MiscellaneousOrderEntry", "MiscellaneousOrderEntry\MiscellaneousOrderEntry.csproj", "{A297FD2F-A138-46BF-A5D8-5E441DFF1688}"
EndProject
Project("{FAE04EC0-301F-11D3-BF4B-00C04F79EFBC}") = "CommonAppClasses", "CommonAppClasses\CommonAppClasses.csproj", "{859DE1A9-17EA-429F-B426-B82D26C5E3F2}"
EndProject
Project("{FAE04EC0-301F-11D3-BF4B-00C04F79EFBC}") = "CustomerMaintenance", "CustomerMaintenance\CustomerMaintenance.csproj", "{9E9A8963-2240-4E7F-BF7E-0C5C9B342841}"
EndProject
Project("{FAE04EC0-301F-11D3-BF4B-00C04F79EFBC}") = "MiscellaneousSystemMaintenance", "MiscellaneousSystemMaintenance\MiscellaneousSystemMaintenance.csproj", "{D9571E9C-8F14-4E57-83F0-9CC7D6102D73}"
EndProject
Project("{FAE04EC0-301F-11D3-BF4B-00C04F79EFBC}") = "Warranty", "Warranty\Warranty.csproj", "{9E73D68D-020A-484C-B8CE-C0E8F9BCA355}"
EndProject
Project("{FAE04EC0-301F-11D3-BF4B-00C04F79EFBC}") = "Tracking", "Tracking\Tracking.csproj", "{F4BF7954-327F-44D9-A90C-EB7C7EE5EA33}"
EndProject
Project("{FAE04EC0-301F-11D3-BF4B-00C04F79EFBC}") = "Design", "Design\Design.csproj", "{D7D23FA7-A733-47B5-B793-0F5AED81D112}"
EndProject
Project("{FAE04EC0-301F-11D3-BF4B-00C04F79EFBC}") = "Inventory", "Inventory\Inventory.csproj", "{095FD855-00FF-4F47-96FD-98AF62D1B54C}"
EndProject
Project("{FAE04EC0-301F-11D3-BF4B-00C04F79EFBC}") = "IncidentProcessing", "IncidentProcessing\IncidentProcessing.csproj", "{70BE7C47-D871-40BB-8C75-4CBE7DE9843A}"
EndProject
Project("{FAE04EC0-301F-11D3-BF4B-00C04F79EFBC}") = "Contacts", "Contacts\Contacts.csproj", "{9DC74B0A-8358-4806-ACAD-6FB33463B83C}"
EndProject
Project("{FAE04EC0-301F-11D3-BF4B-00C04F79EFBC}") = "Ticketing", "Ticketing\Ticketing.csproj", "{72054F0D-D3A5-4E36-BDE0-6E1D2CE466A2}"
EndProject
Project("{FAE04EC0-301F-11D3-BF4B-00C04F79EFBC}") = "ImmasterMaintenance", "ImmasterMaintenance\ImmasterMaintenance.csproj", "{7FC1C3A2-1CB5-4070-88D0-A1FBC96CC178}"
EndProject
Project("{FAE04EC0-301F-11D3-BF4B-00C04F79EFBC}") = "WSGUtilitieslib", "WSGUtilitieslib\WSGUtilitieslib\WSGUtilitieslib.csproj", "{8817FC2B-DA5C-45E8-A8CA-1B26C2BF1454}"
EndProject
Project("{FAE04EC0-301F-11D3-BF4B-00C04F79EFBC}") = "WSGBaseClassLibrary", "WSGBaseClassLibrary\WSGBaseClassLibrary.csproj", "{98846BF7-E2C5-4E2F-9669-65477686C125}"
EndProject
Global
	GlobalSection(SolutionConfigurationPlatforms) = preSolution
		Debug|Any CPU = Debug|Any CPU
		Debug|ARM64 = Debug|ARM64
		Debug|x64 = Debug|x64
		Debug|x86 = Debug|x86
		Release|Any CPU = Release|Any CPU
		Release|ARM64 = Release|ARM64
		Release|x64 = Release|x64
		Release|x86 = Release|x86
	EndGlobalSection
	GlobalSection(ProjectConfigurationPlatforms) = postSolution
		{49B630B9-1945-467B-B786-020C10D76D83}.Debug|Any CPU.ActiveCfg = Debug|Any CPU
		{49B630B9-1945-467B-B786-020C10D76D83}.Debug|Any CPU.Build.0 = Debug|Any CPU
		{49B630B9-1945-467B-B786-020C10D76D83}.Debug|ARM64.ActiveCfg = Debug|Any CPU
		{49B630B9-1945-467B-B786-020C10D76D83}.Debug|ARM64.Build.0 = Debug|Any CPU
		{49B630B9-1945-467B-B786-020C10D76D83}.Debug|x64.ActiveCfg = Debug|Any CPU
		{49B630B9-1945-467B-B786-020C10D76D83}.Debug|x64.Build.0 = Debug|Any CPU
		{49B630B9-1945-467B-B786-020C10D76D83}.Debug|x86.ActiveCfg = Debug|Any CPU
		{49B630B9-1945-467B-B786-020C10D76D83}.Debug|x86.Build.0 = Debug|Any CPU
		{49B630B9-1945-467B-B786-020C10D76D83}.Release|Any CPU.ActiveCfg = Release|Any CPU
		{49B630B9-1945-467B-B786-020C10D76D83}.Release|Any CPU.Build.0 = Release|Any CPU
		{49B630B9-1945-467B-B786-020C10D76D83}.Release|ARM64.ActiveCfg = Release|Any CPU
		{49B630B9-1945-467B-B786-020C10D76D83}.Release|ARM64.Build.0 = Release|Any CPU
		{49B630B9-1945-467B-B786-020C10D76D83}.Release|x64.ActiveCfg = Release|Any CPU
		{49B630B9-1945-467B-B786-020C10D76D83}.Release|x64.Build.0 = Release|Any CPU
		{49B630B9-1945-467B-B786-020C10D76D83}.Release|x86.ActiveCfg = Release|Any CPU
		{49B630B9-1945-467B-B786-020C10D76D83}.Release|x86.Build.0 = Release|Any CPU
		{A64DF912-063D-49A4-A6A6-DAA39DE4EE89}.Debug|Any CPU.ActiveCfg = Debug|Any CPU
		{A64DF912-063D-49A4-A6A6-DAA39DE4EE89}.Debug|Any CPU.Build.0 = Debug|Any CPU
		{A64DF912-063D-49A4-A6A6-DAA39DE4EE89}.Debug|ARM64.ActiveCfg = Debug|Any CPU
		{A64DF912-063D-49A4-A6A6-DAA39DE4EE89}.Debug|ARM64.Build.0 = Debug|Any CPU
		{A64DF912-063D-49A4-A6A6-DAA39DE4EE89}.Debug|x64.ActiveCfg = Debug|Any CPU
		{A64DF912-063D-49A4-A6A6-DAA39DE4EE89}.Debug|x64.Build.0 = Debug|Any CPU
		{A64DF912-063D-49A4-A6A6-DAA39DE4EE89}.Debug|x86.ActiveCfg = Debug|Any CPU
		{A64DF912-063D-49A4-A6A6-DAA39DE4EE89}.Debug|x86.Build.0 = Debug|Any CPU
		{A64DF912-063D-49A4-A6A6-DAA39DE4EE89}.Release|Any CPU.ActiveCfg = Release|Any CPU
		{A64DF912-063D-49A4-A6A6-DAA39DE4EE89}.Release|Any CPU.Build.0 = Release|Any CPU
		{A64DF912-063D-49A4-A6A6-DAA39DE4EE89}.Release|ARM64.ActiveCfg = Release|Any CPU
		{A64DF912-063D-49A4-A6A6-DAA39DE4EE89}.Release|ARM64.Build.0 = Release|Any CPU
		{A64DF912-063D-49A4-A6A6-DAA39DE4EE89}.Release|x64.ActiveCfg = Release|Any CPU
		{A64DF912-063D-49A4-A6A6-DAA39DE4EE89}.Release|x64.Build.0 = Release|Any CPU
		{A64DF912-063D-49A4-A6A6-DAA39DE4EE89}.Release|x86.ActiveCfg = Release|Any CPU
		{A64DF912-063D-49A4-A6A6-DAA39DE4EE89}.Release|x86.Build.0 = Release|Any CPU
		{08787011-367E-4B3E-B54F-4D64F01027B5}.Debug|Any CPU.ActiveCfg = Debug|Any CPU
		{08787011-367E-4B3E-B54F-4D64F01027B5}.Debug|Any CPU.Build.0 = Debug|Any CPU
		{08787011-367E-4B3E-B54F-4D64F01027B5}.Debug|ARM64.ActiveCfg = Debug|Any CPU
		{08787011-367E-4B3E-B54F-4D64F01027B5}.Debug|ARM64.Build.0 = Debug|Any CPU
		{08787011-367E-4B3E-B54F-4D64F01027B5}.Debug|x64.ActiveCfg = Debug|Any CPU
		{08787011-367E-4B3E-B54F-4D64F01027B5}.Debug|x64.Build.0 = Debug|Any CPU
		{08787011-367E-4B3E-B54F-4D64F01027B5}.Debug|x86.ActiveCfg = Debug|Any CPU
		{08787011-367E-4B3E-B54F-4D64F01027B5}.Debug|x86.Build.0 = Debug|Any CPU
		{08787011-367E-4B3E-B54F-4D64F01027B5}.Release|Any CPU.ActiveCfg = Release|Any CPU
		{08787011-367E-4B3E-B54F-4D64F01027B5}.Release|Any CPU.Build.0 = Release|Any CPU
		{08787011-367E-4B3E-B54F-4D64F01027B5}.Release|ARM64.ActiveCfg = Release|Any CPU
		{08787011-367E-4B3E-B54F-4D64F01027B5}.Release|ARM64.Build.0 = Release|Any CPU
		{08787011-367E-4B3E-B54F-4D64F01027B5}.Release|x64.ActiveCfg = Release|Any CPU
		{08787011-367E-4B3E-B54F-4D64F01027B5}.Release|x64.Build.0 = Release|Any CPU
		{08787011-367E-4B3E-B54F-4D64F01027B5}.Release|x86.ActiveCfg = Release|Any CPU
		{08787011-367E-4B3E-B54F-4D64F01027B5}.Release|x86.Build.0 = Release|Any CPU
		{0564B748-1E32-4AA5-8625-166B1911449D}.Debug|Any CPU.ActiveCfg = Debug|Any CPU
		{0564B748-1E32-4AA5-8625-166B1911449D}.Debug|Any CPU.Build.0 = Debug|Any CPU
		{0564B748-1E32-4AA5-8625-166B1911449D}.Debug|ARM64.ActiveCfg = Debug|Any CPU
		{0564B748-1E32-4AA5-8625-166B1911449D}.Debug|ARM64.Build.0 = Debug|Any CPU
		{0564B748-1E32-4AA5-8625-166B1911449D}.Debug|x64.ActiveCfg = Debug|Any CPU
		{0564B748-1E32-4AA5-8625-166B1911449D}.Debug|x64.Build.0 = Debug|Any CPU
		{0564B748-1E32-4AA5-8625-166B1911449D}.Debug|x86.ActiveCfg = Debug|Any CPU
		{0564B748-1E32-4AA5-8625-166B1911449D}.Debug|x86.Build.0 = Debug|Any CPU
		{0564B748-1E32-4AA5-8625-166B1911449D}.Release|Any CPU.ActiveCfg = Release|Any CPU
		{0564B748-1E32-4AA5-8625-166B1911449D}.Release|Any CPU.Build.0 = Release|Any CPU
		{0564B748-1E32-4AA5-8625-166B1911449D}.Release|ARM64.ActiveCfg = Release|Any CPU
		{0564B748-1E32-4AA5-8625-166B1911449D}.Release|ARM64.Build.0 = Release|Any CPU
		{0564B748-1E32-4AA5-8625-166B1911449D}.Release|x64.ActiveCfg = Release|Any CPU
		{0564B748-1E32-4AA5-8625-166B1911449D}.Release|x64.Build.0 = Release|Any CPU
		{0564B748-1E32-4AA5-8625-166B1911449D}.Release|x86.ActiveCfg = Release|Any CPU
		{0564B748-1E32-4AA5-8625-166B1911449D}.Release|x86.Build.0 = Release|Any CPU
		{0BD82AEC-62CA-4BA2-8B6C-90EFE0431BCB}.Debug|Any CPU.ActiveCfg = Debug|Any CPU
		{0BD82AEC-62CA-4BA2-8B6C-90EFE0431BCB}.Debug|Any CPU.Build.0 = Debug|Any CPU
		{0BD82AEC-62CA-4BA2-8B6C-90EFE0431BCB}.Debug|ARM64.ActiveCfg = Debug|Any CPU
		{0BD82AEC-62CA-4BA2-8B6C-90EFE0431BCB}.Debug|ARM64.Build.0 = Debug|Any CPU
		{0BD82AEC-62CA-4BA2-8B6C-90EFE0431BCB}.Debug|x64.ActiveCfg = Debug|Any CPU
		{0BD82AEC-62CA-4BA2-8B6C-90EFE0431BCB}.Debug|x64.Build.0 = Debug|Any CPU
		{0BD82AEC-62CA-4BA2-8B6C-90EFE0431BCB}.Debug|x86.ActiveCfg = Debug|Any CPU
		{0BD82AEC-62CA-4BA2-8B6C-90EFE0431BCB}.Debug|x86.Build.0 = Debug|Any CPU
		{0BD82AEC-62CA-4BA2-8B6C-90EFE0431BCB}.Release|Any CPU.ActiveCfg = Release|Any CPU
		{0BD82AEC-62CA-4BA2-8B6C-90EFE0431BCB}.Release|Any CPU.Build.0 = Release|Any CPU
		{0BD82AEC-62CA-4BA2-8B6C-90EFE0431BCB}.Release|ARM64.ActiveCfg = Release|Any CPU
		{0BD82AEC-62CA-4BA2-8B6C-90EFE0431BCB}.Release|ARM64.Build.0 = Release|Any CPU
		{0BD82AEC-62CA-4BA2-8B6C-90EFE0431BCB}.Release|x64.ActiveCfg = Release|Any CPU
		{0BD82AEC-62CA-4BA2-8B6C-90EFE0431BCB}.Release|x64.Build.0 = Release|Any CPU
		{0BD82AEC-62CA-4BA2-8B6C-90EFE0431BCB}.Release|x86.ActiveCfg = Release|Any CPU
		{0BD82AEC-62CA-4BA2-8B6C-90EFE0431BCB}.Release|x86.Build.0 = Release|Any CPU
		{35258E4F-5A5E-4433-A574-AA6BA4BCD572}.Debug|Any CPU.ActiveCfg = Debug|Any CPU
		{35258E4F-5A5E-4433-A574-AA6BA4BCD572}.Debug|Any CPU.Build.0 = Debug|Any CPU
		{35258E4F-5A5E-4433-A574-AA6BA4BCD572}.Debug|ARM64.ActiveCfg = Debug|Any CPU
		{35258E4F-5A5E-4433-A574-AA6BA4BCD572}.Debug|ARM64.Build.0 = Debug|Any CPU
		{35258E4F-5A5E-4433-A574-AA6BA4BCD572}.Debug|x64.ActiveCfg = Debug|Any CPU
		{35258E4F-5A5E-4433-A574-AA6BA4BCD572}.Debug|x64.Build.0 = Debug|Any CPU
		{35258E4F-5A5E-4433-A574-AA6BA4BCD572}.Debug|x86.ActiveCfg = Debug|Any CPU
		{35258E4F-5A5E-4433-A574-AA6BA4BCD572}.Debug|x86.Build.0 = Debug|Any CPU
		{35258E4F-5A5E-4433-A574-AA6BA4BCD572}.Release|Any CPU.ActiveCfg = Release|Any CPU
		{35258E4F-5A5E-4433-A574-AA6BA4BCD572}.Release|Any CPU.Build.0 = Release|Any CPU
		{35258E4F-5A5E-4433-A574-AA6BA4BCD572}.Release|ARM64.ActiveCfg = Release|Any CPU
		{35258E4F-5A5E-4433-A574-AA6BA4BCD572}.Release|ARM64.Build.0 = Release|Any CPU
		{35258E4F-5A5E-4433-A574-AA6BA4BCD572}.Release|x64.ActiveCfg = Release|x64
		{35258E4F-5A5E-4433-A574-AA6BA4BCD572}.Release|x64.Build.0 = Release|x64
		{35258E4F-5A5E-4433-A574-AA6BA4BCD572}.Release|x86.ActiveCfg = Release|Any CPU
		{35258E4F-5A5E-4433-A574-AA6BA4BCD572}.Release|x86.Build.0 = Release|Any CPU
		{A297FD2F-A138-46BF-A5D8-5E441DFF1688}.Debug|Any CPU.ActiveCfg = Debug|Any CPU
		{A297FD2F-A138-46BF-A5D8-5E441DFF1688}.Debug|Any CPU.Build.0 = Debug|Any CPU
		{A297FD2F-A138-46BF-A5D8-5E441DFF1688}.Debug|ARM64.ActiveCfg = Debug|Any CPU
		{A297FD2F-A138-46BF-A5D8-5E441DFF1688}.Debug|ARM64.Build.0 = Debug|Any CPU
		{A297FD2F-A138-46BF-A5D8-5E441DFF1688}.Debug|x64.ActiveCfg = Debug|Any CPU
		{A297FD2F-A138-46BF-A5D8-5E441DFF1688}.Debug|x64.Build.0 = Debug|Any CPU
		{A297FD2F-A138-46BF-A5D8-5E441DFF1688}.Debug|x86.ActiveCfg = Debug|Any CPU
		{A297FD2F-A138-46BF-A5D8-5E441DFF1688}.Debug|x86.Build.0 = Debug|Any CPU
		{A297FD2F-A138-46BF-A5D8-5E441DFF1688}.Release|Any CPU.ActiveCfg = Release|Any CPU
		{A297FD2F-A138-46BF-A5D8-5E441DFF1688}.Release|Any CPU.Build.0 = Release|Any CPU
		{A297FD2F-A138-46BF-A5D8-5E441DFF1688}.Release|ARM64.ActiveCfg = Release|Any CPU
		{A297FD2F-A138-46BF-A5D8-5E441DFF1688}.Release|ARM64.Build.0 = Release|Any CPU
		{A297FD2F-A138-46BF-A5D8-5E441DFF1688}.Release|x64.ActiveCfg = Release|Any CPU
		{A297FD2F-A138-46BF-A5D8-5E441DFF1688}.Release|x64.Build.0 = Release|Any CPU
		{A297FD2F-A138-46BF-A5D8-5E441DFF1688}.Release|x86.ActiveCfg = Release|Any CPU
		{A297FD2F-A138-46BF-A5D8-5E441DFF1688}.Release|x86.Build.0 = Release|Any CPU
		{859DE1A9-17EA-429F-B426-B82D26C5E3F2}.Debug|Any CPU.ActiveCfg = Debug|Any CPU
		{859DE1A9-17EA-429F-B426-B82D26C5E3F2}.Debug|Any CPU.Build.0 = Debug|Any CPU
		{859DE1A9-17EA-429F-B426-B82D26C5E3F2}.Debug|ARM64.ActiveCfg = Debug|Any CPU
		{859DE1A9-17EA-429F-B426-B82D26C5E3F2}.Debug|ARM64.Build.0 = Debug|Any CPU
		{859DE1A9-17EA-429F-B426-B82D26C5E3F2}.Debug|x64.ActiveCfg = Debug|Any CPU
		{859DE1A9-17EA-429F-B426-B82D26C5E3F2}.Debug|x64.Build.0 = Debug|Any CPU
		{859DE1A9-17EA-429F-B426-B82D26C5E3F2}.Debug|x86.ActiveCfg = Debug|Any CPU
		{859DE1A9-17EA-429F-B426-B82D26C5E3F2}.Debug|x86.Build.0 = Debug|Any CPU
		{859DE1A9-17EA-429F-B426-B82D26C5E3F2}.Release|Any CPU.ActiveCfg = Release|Any CPU
		{859DE1A9-17EA-429F-B426-B82D26C5E3F2}.Release|Any CPU.Build.0 = Release|Any CPU
		{859DE1A9-17EA-429F-B426-B82D26C5E3F2}.Release|ARM64.ActiveCfg = Release|Any CPU
		{859DE1A9-17EA-429F-B426-B82D26C5E3F2}.Release|ARM64.Build.0 = Release|Any CPU
		{859DE1A9-17EA-429F-B426-B82D26C5E3F2}.Release|x64.ActiveCfg = Release|Any CPU
		{859DE1A9-17EA-429F-B426-B82D26C5E3F2}.Release|x64.Build.0 = Release|Any CPU
		{859DE1A9-17EA-429F-B426-B82D26C5E3F2}.Release|x86.ActiveCfg = Release|Any CPU
		{859DE1A9-17EA-429F-B426-B82D26C5E3F2}.Release|x86.Build.0 = Release|Any CPU
		{9E9A8963-2240-4E7F-BF7E-0C5C9B342841}.Debug|Any CPU.ActiveCfg = Debug|Any CPU
		{9E9A8963-2240-4E7F-BF7E-0C5C9B342841}.Debug|Any CPU.Build.0 = Debug|Any CPU
		{9E9A8963-2240-4E7F-BF7E-0C5C9B342841}.Debug|ARM64.ActiveCfg = Debug|Any CPU
		{9E9A8963-2240-4E7F-BF7E-0C5C9B342841}.Debug|ARM64.Build.0 = Debug|Any CPU
		{9E9A8963-2240-4E7F-BF7E-0C5C9B342841}.Debug|x64.ActiveCfg = Debug|Any CPU
		{9E9A8963-2240-4E7F-BF7E-0C5C9B342841}.Debug|x64.Build.0 = Debug|Any CPU
		{9E9A8963-2240-4E7F-BF7E-0C5C9B342841}.Debug|x86.ActiveCfg = Debug|Any CPU
		{9E9A8963-2240-4E7F-BF7E-0C5C9B342841}.Debug|x86.Build.0 = Debug|Any CPU
		{9E9A8963-2240-4E7F-BF7E-0C5C9B342841}.Release|Any CPU.ActiveCfg = Release|Any CPU
		{9E9A8963-2240-4E7F-BF7E-0C5C9B342841}.Release|Any CPU.Build.0 = Release|Any CPU
		{9E9A8963-2240-4E7F-BF7E-0C5C9B342841}.Release|ARM64.ActiveCfg = Release|Any CPU
		{9E9A8963-2240-4E7F-BF7E-0C5C9B342841}.Release|ARM64.Build.0 = Release|Any CPU
		{9E9A8963-2240-4E7F-BF7E-0C5C9B342841}.Release|x64.ActiveCfg = Release|Any CPU
		{9E9A8963-2240-4E7F-BF7E-0C5C9B342841}.Release|x64.Build.0 = Release|Any CPU
		{9E9A8963-2240-4E7F-BF7E-0C5C9B342841}.Release|x86.ActiveCfg = Release|Any CPU
		{9E9A8963-2240-4E7F-BF7E-0C5C9B342841}.Release|x86.Build.0 = Release|Any CPU
		{D9571E9C-8F14-4E57-83F0-9CC7D6102D73}.Debug|Any CPU.ActiveCfg = Debug|Any CPU
		{D9571E9C-8F14-4E57-83F0-9CC7D6102D73}.Debug|Any CPU.Build.0 = Debug|Any CPU
		{D9571E9C-8F14-4E57-83F0-9CC7D6102D73}.Debug|ARM64.ActiveCfg = Debug|Any CPU
		{D9571E9C-8F14-4E57-83F0-9CC7D6102D73}.Debug|ARM64.Build.0 = Debug|Any CPU
		{D9571E9C-8F14-4E57-83F0-9CC7D6102D73}.Debug|x64.ActiveCfg = Debug|Any CPU
		{D9571E9C-8F14-4E57-83F0-9CC7D6102D73}.Debug|x64.Build.0 = Debug|Any CPU
		{D9571E9C-8F14-4E57-83F0-9CC7D6102D73}.Debug|x86.ActiveCfg = Debug|Any CPU
		{D9571E9C-8F14-4E57-83F0-9CC7D6102D73}.Debug|x86.Build.0 = Debug|Any CPU
		{D9571E9C-8F14-4E57-83F0-9CC7D6102D73}.Release|Any CPU.ActiveCfg = Release|Any CPU
		{D9571E9C-8F14-4E57-83F0-9CC7D6102D73}.Release|Any CPU.Build.0 = Release|Any CPU
		{D9571E9C-8F14-4E57-83F0-9CC7D6102D73}.Release|ARM64.ActiveCfg = Release|Any CPU
		{D9571E9C-8F14-4E57-83F0-9CC7D6102D73}.Release|ARM64.Build.0 = Release|Any CPU
		{D9571E9C-8F14-4E57-83F0-9CC7D6102D73}.Release|x64.ActiveCfg = Release|Any CPU
		{D9571E9C-8F14-4E57-83F0-9CC7D6102D73}.Release|x64.Build.0 = Release|Any CPU
		{D9571E9C-8F14-4E57-83F0-9CC7D6102D73}.Release|x86.ActiveCfg = Release|Any CPU
		{D9571E9C-8F14-4E57-83F0-9CC7D6102D73}.Release|x86.Build.0 = Release|Any CPU
		{9E73D68D-020A-484C-B8CE-C0E8F9BCA355}.Debug|Any CPU.ActiveCfg = Debug|Any CPU
		{9E73D68D-020A-484C-B8CE-C0E8F9BCA355}.Debug|Any CPU.Build.0 = Debug|Any CPU
		{9E73D68D-020A-484C-B8CE-C0E8F9BCA355}.Debug|ARM64.ActiveCfg = Debug|Any CPU
		{9E73D68D-020A-484C-B8CE-C0E8F9BCA355}.Debug|ARM64.Build.0 = Debug|Any CPU
		{9E73D68D-020A-484C-B8CE-C0E8F9BCA355}.Debug|x64.ActiveCfg = Debug|Any CPU
		{9E73D68D-020A-484C-B8CE-C0E8F9BCA355}.Debug|x64.Build.0 = Debug|Any CPU
		{9E73D68D-020A-484C-B8CE-C0E8F9BCA355}.Debug|x86.ActiveCfg = Debug|Any CPU
		{9E73D68D-020A-484C-B8CE-C0E8F9BCA355}.Debug|x86.Build.0 = Debug|Any CPU
		{9E73D68D-020A-484C-B8CE-C0E8F9BCA355}.Release|Any CPU.ActiveCfg = Release|Any CPU
		{9E73D68D-020A-484C-B8CE-C0E8F9BCA355}.Release|Any CPU.Build.0 = Release|Any CPU
		{9E73D68D-020A-484C-B8CE-C0E8F9BCA355}.Release|ARM64.ActiveCfg = Release|Any CPU
		{9E73D68D-020A-484C-B8CE-C0E8F9BCA355}.Release|ARM64.Build.0 = Release|Any CPU
		{9E73D68D-020A-484C-B8CE-C0E8F9BCA355}.Release|x64.ActiveCfg = Release|Any CPU
		{9E73D68D-020A-484C-B8CE-C0E8F9BCA355}.Release|x64.Build.0 = Release|Any CPU
		{9E73D68D-020A-484C-B8CE-C0E8F9BCA355}.Release|x86.ActiveCfg = Release|Any CPU
		{9E73D68D-020A-484C-B8CE-C0E8F9BCA355}.Release|x86.Build.0 = Release|Any CPU
		{F4BF7954-327F-44D9-A90C-EB7C7EE5EA33}.Debug|Any CPU.ActiveCfg = Debug|Any CPU
		{F4BF7954-327F-44D9-A90C-EB7C7EE5EA33}.Debug|Any CPU.Build.0 = Debug|Any CPU
		{F4BF7954-327F-44D9-A90C-EB7C7EE5EA33}.Debug|ARM64.ActiveCfg = Debug|Any CPU
		{F4BF7954-327F-44D9-A90C-EB7C7EE5EA33}.Debug|ARM64.Build.0 = Debug|Any CPU
		{F4BF7954-327F-44D9-A90C-EB7C7EE5EA33}.Debug|x64.ActiveCfg = Debug|Any CPU
		{F4BF7954-327F-44D9-A90C-EB7C7EE5EA33}.Debug|x64.Build.0 = Debug|Any CPU
		{F4BF7954-327F-44D9-A90C-EB7C7EE5EA33}.Debug|x86.ActiveCfg = Debug|Any CPU
		{F4BF7954-327F-44D9-A90C-EB7C7EE5EA33}.Debug|x86.Build.0 = Debug|Any CPU
		{F4BF7954-327F-44D9-A90C-EB7C7EE5EA33}.Release|Any CPU.ActiveCfg = Release|Any CPU
		{F4BF7954-327F-44D9-A90C-EB7C7EE5EA33}.Release|Any CPU.Build.0 = Release|Any CPU
		{F4BF7954-327F-44D9-A90C-EB7C7EE5EA33}.Release|ARM64.ActiveCfg = Release|Any CPU
		{F4BF7954-327F-44D9-A90C-EB7C7EE5EA33}.Release|ARM64.Build.0 = Release|Any CPU
		{F4BF7954-327F-44D9-A90C-EB7C7EE5EA33}.Release|x64.ActiveCfg = Release|Any CPU
		{F4BF7954-327F-44D9-A90C-EB7C7EE5EA33}.Release|x64.Build.0 = Release|Any CPU
		{F4BF7954-327F-44D9-A90C-EB7C7EE5EA33}.Release|x86.ActiveCfg = Release|Any CPU
		{F4BF7954-327F-44D9-A90C-EB7C7EE5EA33}.Release|x86.Build.0 = Release|Any CPU
		{D7D23FA7-A733-47B5-B793-0F5AED81D112}.Debug|Any CPU.ActiveCfg = Debug|Any CPU
		{D7D23FA7-A733-47B5-B793-0F5AED81D112}.Debug|Any CPU.Build.0 = Debug|Any CPU
		{D7D23FA7-A733-47B5-B793-0F5AED81D112}.Debug|ARM64.ActiveCfg = Debug|Any CPU
		{D7D23FA7-A733-47B5-B793-0F5AED81D112}.Debug|ARM64.Build.0 = Debug|Any CPU
		{D7D23FA7-A733-47B5-B793-0F5AED81D112}.Debug|x64.ActiveCfg = Debug|Any CPU
		{D7D23FA7-A733-47B5-B793-0F5AED81D112}.Debug|x64.Build.0 = Debug|Any CPU
		{D7D23FA7-A733-47B5-B793-0F5AED81D112}.Debug|x86.ActiveCfg = Debug|Any CPU
		{D7D23FA7-A733-47B5-B793-0F5AED81D112}.Debug|x86.Build.0 = Debug|Any CPU
		{D7D23FA7-A733-47B5-B793-0F5AED81D112}.Release|Any CPU.ActiveCfg = Release|Any CPU
		{D7D23FA7-A733-47B5-B793-0F5AED81D112}.Release|Any CPU.Build.0 = Release|Any CPU
		{D7D23FA7-A733-47B5-B793-0F5AED81D112}.Release|ARM64.ActiveCfg = Release|Any CPU
		{D7D23FA7-A733-47B5-B793-0F5AED81D112}.Release|ARM64.Build.0 = Release|Any CPU
		{D7D23FA7-A733-47B5-B793-0F5AED81D112}.Release|x64.ActiveCfg = Release|Any CPU
		{D7D23FA7-A733-47B5-B793-0F5AED81D112}.Release|x64.Build.0 = Release|Any CPU
		{D7D23FA7-A733-47B5-B793-0F5AED81D112}.Release|x86.ActiveCfg = Release|Any CPU
		{D7D23FA7-A733-47B5-B793-0F5AED81D112}.Release|x86.Build.0 = Release|Any CPU
		{095FD855-00FF-4F47-96FD-98AF62D1B54C}.Debug|Any CPU.ActiveCfg = Debug|Any CPU
		{095FD855-00FF-4F47-96FD-98AF62D1B54C}.Debug|Any CPU.Build.0 = Debug|Any CPU
		{095FD855-00FF-4F47-96FD-98AF62D1B54C}.Debug|ARM64.ActiveCfg = Debug|Any CPU
		{095FD855-00FF-4F47-96FD-98AF62D1B54C}.Debug|ARM64.Build.0 = Debug|Any CPU
		{095FD855-00FF-4F47-96FD-98AF62D1B54C}.Debug|x64.ActiveCfg = Debug|Any CPU
		{095FD855-00FF-4F47-96FD-98AF62D1B54C}.Debug|x64.Build.0 = Debug|Any CPU
		{095FD855-00FF-4F47-96FD-98AF62D1B54C}.Debug|x86.ActiveCfg = Debug|Any CPU
		{095FD855-00FF-4F47-96FD-98AF62D1B54C}.Debug|x86.Build.0 = Debug|Any CPU
		{095FD855-00FF-4F47-96FD-98AF62D1B54C}.Release|Any CPU.ActiveCfg = Release|Any CPU
		{095FD855-00FF-4F47-96FD-98AF62D1B54C}.Release|Any CPU.Build.0 = Release|Any CPU
		{095FD855-00FF-4F47-96FD-98AF62D1B54C}.Release|ARM64.ActiveCfg = Release|Any CPU
		{095FD855-00FF-4F47-96FD-98AF62D1B54C}.Release|ARM64.Build.0 = Release|Any CPU
		{095FD855-00FF-4F47-96FD-98AF62D1B54C}.Release|x64.ActiveCfg = Release|Any CPU
		{095FD855-00FF-4F47-96FD-98AF62D1B54C}.Release|x64.Build.0 = Release|Any CPU
		{095FD855-00FF-4F47-96FD-98AF62D1B54C}.Release|x86.ActiveCfg = Release|Any CPU
		{095FD855-00FF-4F47-96FD-98AF62D1B54C}.Release|x86.Build.0 = Release|Any CPU
		{70BE7C47-D871-40BB-8C75-4CBE7DE9843A}.Debug|Any CPU.ActiveCfg = Debug|Any CPU
		{70BE7C47-D871-40BB-8C75-4CBE7DE9843A}.Debug|Any CPU.Build.0 = Debug|Any CPU
		{70BE7C47-D871-40BB-8C75-4CBE7DE9843A}.Debug|ARM64.ActiveCfg = Debug|Any CPU
		{70BE7C47-D871-40BB-8C75-4CBE7DE9843A}.Debug|ARM64.Build.0 = Debug|Any CPU
		{70BE7C47-D871-40BB-8C75-4CBE7DE9843A}.Debug|x64.ActiveCfg = Debug|Any CPU
		{70BE7C47-D871-40BB-8C75-4CBE7DE9843A}.Debug|x64.Build.0 = Debug|Any CPU
		{70BE7C47-D871-40BB-8C75-4CBE7DE9843A}.Debug|x86.ActiveCfg = Debug|Any CPU
		{70BE7C47-D871-40BB-8C75-4CBE7DE9843A}.Debug|x86.Build.0 = Debug|Any CPU
		{70BE7C47-D871-40BB-8C75-4CBE7DE9843A}.Release|Any CPU.ActiveCfg = Release|Any CPU
		{70BE7C47-D871-40BB-8C75-4CBE7DE9843A}.Release|Any CPU.Build.0 = Release|Any CPU
		{70BE7C47-D871-40BB-8C75-4CBE7DE9843A}.Release|ARM64.ActiveCfg = Release|Any CPU
		{70BE7C47-D871-40BB-8C75-4CBE7DE9843A}.Release|ARM64.Build.0 = Release|Any CPU
		{70BE7C47-D871-40BB-8C75-4CBE7DE9843A}.Release|x64.ActiveCfg = Release|Any CPU
		{70BE7C47-D871-40BB-8C75-4CBE7DE9843A}.Release|x64.Build.0 = Release|Any CPU
		{70BE7C47-D871-40BB-8C75-4CBE7DE9843A}.Release|x86.ActiveCfg = Release|Any CPU
		{70BE7C47-D871-40BB-8C75-4CBE7DE9843A}.Release|x86.Build.0 = Release|Any CPU
		{9DC74B0A-8358-4806-ACAD-6FB33463B83C}.Debug|Any CPU.ActiveCfg = Debug|Any CPU
		{9DC74B0A-8358-4806-ACAD-6FB33463B83C}.Debug|Any CPU.Build.0 = Debug|Any CPU
		{9DC74B0A-8358-4806-ACAD-6FB33463B83C}.Debug|ARM64.ActiveCfg = Debug|Any CPU
		{9DC74B0A-8358-4806-ACAD-6FB33463B83C}.Debug|ARM64.Build.0 = Debug|Any CPU
		{9DC74B0A-8358-4806-ACAD-6FB33463B83C}.Debug|x64.ActiveCfg = Debug|Any CPU
		{9DC74B0A-8358-4806-ACAD-6FB33463B83C}.Debug|x64.Build.0 = Debug|Any CPU
		{9DC74B0A-8358-4806-ACAD-6FB33463B83C}.Debug|x86.ActiveCfg = Debug|Any CPU
		{9DC74B0A-8358-4806-ACAD-6FB33463B83C}.Debug|x86.Build.0 = Debug|Any CPU
		{9DC74B0A-8358-4806-ACAD-6FB33463B83C}.Release|Any CPU.ActiveCfg = Release|Any CPU
		{9DC74B0A-8358-4806-ACAD-6FB33463B83C}.Release|Any CPU.Build.0 = Release|Any CPU
		{9DC74B0A-8358-4806-ACAD-6FB33463B83C}.Release|ARM64.ActiveCfg = Release|Any CPU
		{9DC74B0A-8358-4806-ACAD-6FB33463B83C}.Release|ARM64.Build.0 = Release|Any CPU
		{9DC74B0A-8358-4806-ACAD-6FB33463B83C}.Release|x64.ActiveCfg = Release|Any CPU
		{9DC74B0A-8358-4806-ACAD-6FB33463B83C}.Release|x64.Build.0 = Release|Any CPU
		{9DC74B0A-8358-4806-ACAD-6FB33463B83C}.Release|x86.ActiveCfg = Release|Any CPU
		{9DC74B0A-8358-4806-ACAD-6FB33463B83C}.Release|x86.Build.0 = Release|Any CPU
		{72054F0D-D3A5-4E36-BDE0-6E1D2CE466A2}.Debug|Any CPU.ActiveCfg = Debug|Any CPU
		{72054F0D-D3A5-4E36-BDE0-6E1D2CE466A2}.Debug|Any CPU.Build.0 = Debug|Any CPU
		{72054F0D-D3A5-4E36-BDE0-6E1D2CE466A2}.Debug|ARM64.ActiveCfg = Debug|Any CPU
		{72054F0D-D3A5-4E36-BDE0-6E1D2CE466A2}.Debug|ARM64.Build.0 = Debug|Any CPU
		{72054F0D-D3A5-4E36-BDE0-6E1D2CE466A2}.Debug|x64.ActiveCfg = Debug|Any CPU
		{72054F0D-D3A5-4E36-BDE0-6E1D2CE466A2}.Debug|x64.Build.0 = Debug|Any CPU
		{72054F0D-D3A5-4E36-BDE0-6E1D2CE466A2}.Debug|x86.ActiveCfg = Debug|Any CPU
		{72054F0D-D3A5-4E36-BDE0-6E1D2CE466A2}.Debug|x86.Build.0 = Debug|Any CPU
		{72054F0D-D3A5-4E36-BDE0-6E1D2CE466A2}.Release|Any CPU.ActiveCfg = Release|Any CPU
		{72054F0D-D3A5-4E36-BDE0-6E1D2CE466A2}.Release|Any CPU.Build.0 = Release|Any CPU
		{72054F0D-D3A5-4E36-BDE0-6E1D2CE466A2}.Release|ARM64.ActiveCfg = Release|Any CPU
		{72054F0D-D3A5-4E36-BDE0-6E1D2CE466A2}.Release|ARM64.Build.0 = Release|Any CPU
		{72054F0D-D3A5-4E36-BDE0-6E1D2CE466A2}.Release|x64.ActiveCfg = Release|Any CPU
		{72054F0D-D3A5-4E36-BDE0-6E1D2CE466A2}.Release|x64.Build.0 = Release|Any CPU
		{72054F0D-D3A5-4E36-BDE0-6E1D2CE466A2}.Release|x86.ActiveCfg = Release|Any CPU
		{72054F0D-D3A5-4E36-BDE0-6E1D2CE466A2}.Release|x86.Build.0 = Release|Any CPU
		{7FC1C3A2-1CB5-4070-88D0-A1FBC96CC178}.Debug|Any CPU.ActiveCfg = Debug|Any CPU
		{7FC1C3A2-1CB5-4070-88D0-A1FBC96CC178}.Debug|Any CPU.Build.0 = Debug|Any CPU
		{7FC1C3A2-1CB5-4070-88D0-A1FBC96CC178}.Debug|ARM64.ActiveCfg = Debug|Any CPU
		{7FC1C3A2-1CB5-4070-88D0-A1FBC96CC178}.Debug|ARM64.Build.0 = Debug|Any CPU
		{7FC1C3A2-1CB5-4070-88D0-A1FBC96CC178}.Debug|x64.ActiveCfg = Debug|Any CPU
		{7FC1C3A2-1CB5-4070-88D0-A1FBC96CC178}.Debug|x64.Build.0 = Debug|Any CPU
		{7FC1C3A2-1CB5-4070-88D0-A1FBC96CC178}.Debug|x86.ActiveCfg = Debug|Any CPU
		{7FC1C3A2-1CB5-4070-88D0-A1FBC96CC178}.Debug|x86.Build.0 = Debug|Any CPU
		{7FC1C3A2-1CB5-4070-88D0-A1FBC96CC178}.Release|Any CPU.ActiveCfg = Release|Any CPU
		{7FC1C3A2-1CB5-4070-88D0-A1FBC96CC178}.Release|Any CPU.Build.0 = Release|Any CPU
		{7FC1C3A2-1CB5-4070-88D0-A1FBC96CC178}.Release|ARM64.ActiveCfg = Release|Any CPU
		{7FC1C3A2-1CB5-4070-88D0-A1FBC96CC178}.Release|ARM64.Build.0 = Release|Any CPU
		{7FC1C3A2-1CB5-4070-88D0-A1FBC96CC178}.Release|x64.ActiveCfg = Release|Any CPU
		{7FC1C3A2-1CB5-4070-88D0-A1FBC96CC178}.Release|x64.Build.0 = Release|Any CPU
		{7FC1C3A2-1CB5-4070-88D0-A1FBC96CC178}.Release|x86.ActiveCfg = Release|Any CPU
		{7FC1C3A2-1CB5-4070-88D0-A1FBC96CC178}.Release|x86.Build.0 = Release|Any CPU
		{8817FC2B-DA5C-45E8-A8CA-1B26C2BF1454}.Debug|Any CPU.ActiveCfg = Debug|Any CPU
		{8817FC2B-DA5C-45E8-A8CA-1B26C2BF1454}.Debug|Any CPU.Build.0 = Debug|Any CPU
		{8817FC2B-DA5C-45E8-A8CA-1B26C2BF1454}.Debug|ARM64.ActiveCfg = Debug|Any CPU
		{8817FC2B-DA5C-45E8-A8CA-1B26C2BF1454}.Debug|ARM64.Build.0 = Debug|Any CPU
		{8817FC2B-DA5C-45E8-A8CA-1B26C2BF1454}.Debug|x64.ActiveCfg = Debug|Any CPU
		{8817FC2B-DA5C-45E8-A8CA-1B26C2BF1454}.Debug|x64.Build.0 = Debug|Any CPU
		{8817FC2B-DA5C-45E8-A8CA-1B26C2BF1454}.Debug|x86.ActiveCfg = Debug|Any CPU
		{8817FC2B-DA5C-45E8-A8CA-1B26C2BF1454}.Debug|x86.Build.0 = Debug|Any CPU
		{8817FC2B-DA5C-45E8-A8CA-1B26C2BF1454}.Release|Any CPU.ActiveCfg = Release|Any CPU
		{8817FC2B-DA5C-45E8-A8CA-1B26C2BF1454}.Release|Any CPU.Build.0 = Release|Any CPU
		{8817FC2B-DA5C-45E8-A8CA-1B26C2BF1454}.Release|ARM64.ActiveCfg = Release|Any CPU
		{8817FC2B-DA5C-45E8-A8CA-1B26C2BF1454}.Release|ARM64.Build.0 = Release|Any CPU
		{8817FC2B-DA5C-45E8-A8CA-1B26C2BF1454}.Release|x64.ActiveCfg = Release|Any CPU
		{8817FC2B-DA5C-45E8-A8CA-1B26C2BF1454}.Release|x64.Build.0 = Release|Any CPU
		{8817FC2B-DA5C-45E8-A8CA-1B26C2BF1454}.Release|x86.ActiveCfg = Release|Any CPU
		{8817FC2B-DA5C-45E8-A8CA-1B26C2BF1454}.Release|x86.Build.0 = Release|Any CPU
		{98846BF7-E2C5-4E2F-9669-65477686C125}.Debug|Any CPU.ActiveCfg = Debug|Any CPU
		{98846BF7-E2C5-4E2F-9669-65477686C125}.Debug|Any CPU.Build.0 = Debug|Any CPU
		{98846BF7-E2C5-4E2F-9669-65477686C125}.Debug|ARM64.ActiveCfg = Debug|Any CPU
		{98846BF7-E2C5-4E2F-9669-65477686C125}.Debug|ARM64.Build.0 = Debug|Any CPU
		{98846BF7-E2C5-4E2F-9669-65477686C125}.Debug|x64.ActiveCfg = Debug|Any CPU
		{98846BF7-E2C5-4E2F-9669-65477686C125}.Debug|x64.Build.0 = Debug|Any CPU
		{98846BF7-E2C5-4E2F-9669-65477686C125}.Debug|x86.ActiveCfg = Debug|Any CPU
		{98846BF7-E2C5-4E2F-9669-65477686C125}.Debug|x86.Build.0 = Debug|Any CPU
		{98846BF7-E2C5-4E2F-9669-65477686C125}.Release|Any CPU.ActiveCfg = Release|Any CPU
		{98846BF7-E2C5-4E2F-9669-65477686C125}.Release|Any CPU.Build.0 = Release|Any CPU
		{98846BF7-E2C5-4E2F-9669-65477686C125}.Release|ARM64.ActiveCfg = Release|Any CPU
		{98846BF7-E2C5-4E2F-9669-65477686C125}.Release|ARM64.Build.0 = Release|Any CPU
		{98846BF7-E2C5-4E2F-9669-65477686C125}.Release|x64.ActiveCfg = Release|Any CPU
		{98846BF7-E2C5-4E2F-9669-65477686C125}.Release|x64.Build.0 = Release|Any CPU
		{98846BF7-E2C5-4E2F-9669-65477686C125}.Release|x86.ActiveCfg = Release|Any CPU
		{98846BF7-E2C5-4E2F-9669-65477686C125}.Release|x86.Build.0 = Release|Any CPU
	EndGlobalSection
	GlobalSection(SolutionProperties) = preSolution
		HideSolutionNode = FALSE
	EndGlobalSection
	GlobalSection(ExtensibilityGlobals) = postSolution
		SolutionGuid = {600D95BD-880E-4443-AD99-4B693421B0CF}
	EndGlobalSection
EndGlobal
